
Microsoft Visual Studio Solution File, Format Version 12.00
# Visual Studio Version 16
VisualStudioVersion = 16.0.31410.357
MinimumVisualStudioVersion = 10.0.40219.1
Project("{FAE04EC0-301F-11D3-BF4B-00C04F79EFBC}") = "ConsoleApp1", "ConsoleApp1.csproj", "{D1F3C38D-24F3-4443-B22E-AB9A48219335}"
EndProject
Global
	GlobalSection(SolutionConfigurationPlatforms) = preSolution
		Debug|Any CPU = Debug|Any CPU
		Release|Any CPU = Release|Any CPU
	EndGlobalSection
	GlobalSection(ProjectConfigurationPlatforms) = postSolution
		{D1F3C38D-24F3-4443-B22E-AB9A48219335}.Debug|Any CPU.ActiveCfg = Debug|Any CPU
		{D1F3C38D-24F3-4443-B22E-AB9A48219335}.Debug|Any CPU.Build.0 = Debug|Any CPU
		{D1F3C38D-24F3-4443-B22E-AB9A48219335}.Release|Any CPU.ActiveCfg = Release|Any CPU
		{D1F3C38D-24F3-4443-B22E-AB9A48219335}.Release|Any CPU.Build.0 = Release|Any CPU
	EndGlobalSection
	GlobalSection(SolutionProperties) = preSolution
		HideSolutionNode = FALSE
	EndGlobalSection
	GlobalSection(ExtensibilityGlobals) = postSolution
		SolutionGuid = {3D782D41-3709-4F11-B98D-8CC66B44D5A3}
	EndGlobalSection
EndGlobal
